// !$*UTF8*$!
{
	archiveVersion = 1;
	classes = {
	};
	objectVersion = 56;
	objects = {

/* Begin PBXBuildFile section */
		005D3C612AC5EE8700E4CAB7 /* AppDelegate.swift in Sources */ = {isa = PBXBuildFile; fileRef = 005D3C602AC5EE8700E4CAB7 /* AppDelegate.swift */; };
		005D3C632AC5EE8700E4CAB7 /* SceneDelegate.swift in Sources */ = {isa = PBXBuildFile; fileRef = 005D3C622AC5EE8700E4CAB7 /* SceneDelegate.swift */; };
		005D3C6A2AC5EE8800E4CAB7 /* Assets.xcassets in Resources */ = {isa = PBXBuildFile; fileRef = 005D3C692AC5EE8800E4CAB7 /* Assets.xcassets */; };
		005D3C782AC5EE8800E4CAB7 /* TeltechSpamKillerTests.swift in Sources */ = {isa = PBXBuildFile; fileRef = 005D3C772AC5EE8800E4CAB7 /* TeltechSpamKillerTests.swift */; };
		005D3C822AC5EE8800E4CAB7 /* TeltechSpamKillerUITests.swift in Sources */ = {isa = PBXBuildFile; fileRef = 005D3C812AC5EE8800E4CAB7 /* TeltechSpamKillerUITests.swift */; };
		005D3C842AC5EE8800E4CAB7 /* TeltechSpamKillerUITestsLaunchTests.swift in Sources */ = {isa = PBXBuildFile; fileRef = 005D3C832AC5EE8800E4CAB7 /* TeltechSpamKillerUITestsLaunchTests.swift */; };
		005D3C922AC6236800E4CAB7 /* Coordinator.swift in Sources */ = {isa = PBXBuildFile; fileRef = 005D3C912AC6236800E4CAB7 /* Coordinator.swift */; };
		005D3C952AC623E300E4CAB7 /* CoordinatorDelegate.swift in Sources */ = {isa = PBXBuildFile; fileRef = 005D3C942AC623E300E4CAB7 /* CoordinatorDelegate.swift */; };
		005D3C972AC6241300E4CAB7 /* ParentCoordinatorDelegate.swift in Sources */ = {isa = PBXBuildFile; fileRef = 005D3C962AC6241300E4CAB7 /* ParentCoordinatorDelegate.swift */; };
		005D3C9A2AC62E0700E4CAB7 /* R.generated.swift in Sources */ = {isa = PBXBuildFile; fileRef = 005D3C992AC62E0700E4CAB7 /* R.generated.swift */; };
		005D3CA02AC69CB700E4CAB7 /* HomeContainerViewController.swift in Sources */ = {isa = PBXBuildFile; fileRef = 005D3C9F2AC69CB700E4CAB7 /* HomeContainerViewController.swift */; };
		005D3CA32AC69E4500E4CAB7 /* ViewModelType.swift in Sources */ = {isa = PBXBuildFile; fileRef = 005D3CA22AC69E4500E4CAB7 /* ViewModelType.swift */; };
		005D3CA52AC69E7700E4CAB7 /* HomeContainerViewModel.swift in Sources */ = {isa = PBXBuildFile; fileRef = 005D3CA42AC69E7700E4CAB7 /* HomeContainerViewModel.swift */; };
		005D3CA82AC6A25600E4CAB7 /* HomeContainerCoordinator.swift in Sources */ = {isa = PBXBuildFile; fileRef = 005D3CA72AC6A25600E4CAB7 /* HomeContainerCoordinator.swift */; };
		005D3CAB2AC6A4BE00E4CAB7 /* RxSchedulers.swift in Sources */ = {isa = PBXBuildFile; fileRef = 005D3CAA2AC6A4BE00E4CAB7 /* RxSchedulers.swift */; };
		005D3CAE2AC6AB2800E4CAB7 /* AppCoordinator.swift in Sources */ = {isa = PBXBuildFile; fileRef = 005D3CAD2AC6AB2800E4CAB7 /* AppCoordinator.swift */; };
		005D3CB42AC6B0F700E4CAB7 /* RecentsCoordinator.swift in Sources */ = {isa = PBXBuildFile; fileRef = 005D3CB32AC6B0F700E4CAB7 /* RecentsCoordinator.swift */; };
		005D3CB62AC6B10900E4CAB7 /* RecentsViewModel.swift in Sources */ = {isa = PBXBuildFile; fileRef = 005D3CB52AC6B10900E4CAB7 /* RecentsViewModel.swift */; };
		005D3CB82AC6B13200E4CAB7 /* RecentsViewController.swift in Sources */ = {isa = PBXBuildFile; fileRef = 005D3CB72AC6B13200E4CAB7 /* RecentsViewController.swift */; };
		005D3CBE2AC6D5EC00E4CAB7 /* BlockedCoordinator.swift in Sources */ = {isa = PBXBuildFile; fileRef = 005D3CBD2AC6D5EC00E4CAB7 /* BlockedCoordinator.swift */; };
		005D3CC02AC6D5F800E4CAB7 /* BlockedViewModel.swift in Sources */ = {isa = PBXBuildFile; fileRef = 005D3CBF2AC6D5F800E4CAB7 /* BlockedViewModel.swift */; };
		005D3CC22AC6D60400E4CAB7 /* BlockedViewController.swift in Sources */ = {isa = PBXBuildFile; fileRef = 005D3CC12AC6D60400E4CAB7 /* BlockedViewController.swift */; };
		005D3CC52AC7222F00E4CAB7 /* CallManager.swift in Sources */ = {isa = PBXBuildFile; fileRef = 005D3CC42AC7222F00E4CAB7 /* CallManager.swift */; };
		67213C319CFF6C3D14563654 /* Pods_TeltechSpamKiller.framework in Frameworks */ = {isa = PBXBuildFile; fileRef = F39FC3CB6C43D19B605F63D2 /* Pods_TeltechSpamKiller.framework */; };
		6FAA92CF8ED6C8377DEF4892 /* Pods_TeltechSpamKillerTests.framework in Frameworks */ = {isa = PBXBuildFile; fileRef = 789C021CFF7609F67F1C150A /* Pods_TeltechSpamKillerTests.framework */; };
		C75D83B03A562A1AF3036593 /* Pods_TeltechSpamKiller_TeltechSpamKillerUITests.framework in Frameworks */ = {isa = PBXBuildFile; fileRef = 5442FA152247D88EB0480BDE /* Pods_TeltechSpamKiller_TeltechSpamKillerUITests.framework */; };
/* End PBXBuildFile section */

/* Begin PBXContainerItemProxy section */
		005D3C742AC5EE8800E4CAB7 /* PBXContainerItemProxy */ = {
			isa = PBXContainerItemProxy;
			containerPortal = 005D3C552AC5EE8700E4CAB7 /* Project object */;
			proxyType = 1;
			remoteGlobalIDString = 005D3C5C2AC5EE8700E4CAB7;
			remoteInfo = TeltechSpamKiller;
		};
		005D3C7E2AC5EE8800E4CAB7 /* PBXContainerItemProxy */ = {
			isa = PBXContainerItemProxy;
			containerPortal = 005D3C552AC5EE8700E4CAB7 /* Project object */;
			proxyType = 1;
			remoteGlobalIDString = 005D3C5C2AC5EE8700E4CAB7;
			remoteInfo = TeltechSpamKiller;
		};
/* End PBXContainerItemProxy section */

/* Begin PBXFileReference section */
		005D3C5D2AC5EE8700E4CAB7 /* TeltechSpamKiller.app */ = {isa = PBXFileReference; explicitFileType = wrapper.application; includeInIndex = 0; path = TeltechSpamKiller.app; sourceTree = BUILT_PRODUCTS_DIR; };
		005D3C602AC5EE8700E4CAB7 /* AppDelegate.swift */ = {isa = PBXFileReference; lastKnownFileType = sourcecode.swift; path = AppDelegate.swift; sourceTree = "<group>"; };
		005D3C622AC5EE8700E4CAB7 /* SceneDelegate.swift */ = {isa = PBXFileReference; lastKnownFileType = sourcecode.swift; path = SceneDelegate.swift; sourceTree = "<group>"; };
		005D3C692AC5EE8800E4CAB7 /* Assets.xcassets */ = {isa = PBXFileReference; lastKnownFileType = folder.assetcatalog; path = Assets.xcassets; sourceTree = "<group>"; };
		005D3C6E2AC5EE8800E4CAB7 /* Info.plist */ = {isa = PBXFileReference; lastKnownFileType = text.plist.xml; path = Info.plist; sourceTree = "<group>"; };
		005D3C732AC5EE8800E4CAB7 /* TeltechSpamKillerTests.xctest */ = {isa = PBXFileReference; explicitFileType = wrapper.cfbundle; includeInIndex = 0; path = TeltechSpamKillerTests.xctest; sourceTree = BUILT_PRODUCTS_DIR; };
		005D3C772AC5EE8800E4CAB7 /* TeltechSpamKillerTests.swift */ = {isa = PBXFileReference; lastKnownFileType = sourcecode.swift; path = TeltechSpamKillerTests.swift; sourceTree = "<group>"; };
		005D3C7D2AC5EE8800E4CAB7 /* TeltechSpamKillerUITests.xctest */ = {isa = PBXFileReference; explicitFileType = wrapper.cfbundle; includeInIndex = 0; path = TeltechSpamKillerUITests.xctest; sourceTree = BUILT_PRODUCTS_DIR; };
		005D3C812AC5EE8800E4CAB7 /* TeltechSpamKillerUITests.swift */ = {isa = PBXFileReference; lastKnownFileType = sourcecode.swift; path = TeltechSpamKillerUITests.swift; sourceTree = "<group>"; };
		005D3C832AC5EE8800E4CAB7 /* TeltechSpamKillerUITestsLaunchTests.swift */ = {isa = PBXFileReference; lastKnownFileType = sourcecode.swift; path = TeltechSpamKillerUITestsLaunchTests.swift; sourceTree = "<group>"; };
		005D3C912AC6236800E4CAB7 /* Coordinator.swift */ = {isa = PBXFileReference; lastKnownFileType = sourcecode.swift; path = Coordinator.swift; sourceTree = "<group>"; };
		005D3C942AC623E300E4CAB7 /* CoordinatorDelegate.swift */ = {isa = PBXFileReference; lastKnownFileType = sourcecode.swift; path = CoordinatorDelegate.swift; sourceTree = "<group>"; };
		005D3C962AC6241300E4CAB7 /* ParentCoordinatorDelegate.swift */ = {isa = PBXFileReference; lastKnownFileType = sourcecode.swift; path = ParentCoordinatorDelegate.swift; sourceTree = "<group>"; };
		005D3C992AC62E0700E4CAB7 /* R.generated.swift */ = {isa = PBXFileReference; fileEncoding = 4; lastKnownFileType = sourcecode.swift; path = R.generated.swift; sourceTree = SOURCE_ROOT; };
		005D3C9F2AC69CB700E4CAB7 /* HomeContainerViewController.swift */ = {isa = PBXFileReference; lastKnownFileType = sourcecode.swift; path = HomeContainerViewController.swift; sourceTree = "<group>"; };
		005D3CA22AC69E4500E4CAB7 /* ViewModelType.swift */ = {isa = PBXFileReference; lastKnownFileType = sourcecode.swift; path = ViewModelType.swift; sourceTree = "<group>"; };
		005D3CA42AC69E7700E4CAB7 /* HomeContainerViewModel.swift */ = {isa = PBXFileReference; lastKnownFileType = sourcecode.swift; path = HomeContainerViewModel.swift; sourceTree = "<group>"; };
		005D3CA72AC6A25600E4CAB7 /* HomeContainerCoordinator.swift */ = {isa = PBXFileReference; lastKnownFileType = sourcecode.swift; path = HomeContainerCoordinator.swift; sourceTree = "<group>"; };
		005D3CAA2AC6A4BE00E4CAB7 /* RxSchedulers.swift */ = {isa = PBXFileReference; lastKnownFileType = sourcecode.swift; path = RxSchedulers.swift; sourceTree = "<group>"; };
		005D3CAD2AC6AB2800E4CAB7 /* AppCoordinator.swift */ = {isa = PBXFileReference; lastKnownFileType = sourcecode.swift; path = AppCoordinator.swift; sourceTree = "<group>"; };
		005D3CB32AC6B0F700E4CAB7 /* RecentsCoordinator.swift */ = {isa = PBXFileReference; lastKnownFileType = sourcecode.swift; path = RecentsCoordinator.swift; sourceTree = "<group>"; };
		005D3CB52AC6B10900E4CAB7 /* RecentsViewModel.swift */ = {isa = PBXFileReference; lastKnownFileType = sourcecode.swift; path = RecentsViewModel.swift; sourceTree = "<group>"; };
		005D3CB72AC6B13200E4CAB7 /* RecentsViewController.swift */ = {isa = PBXFileReference; lastKnownFileType = sourcecode.swift; path = RecentsViewController.swift; sourceTree = "<group>"; };
		005D3CBD2AC6D5EC00E4CAB7 /* BlockedCoordinator.swift */ = {isa = PBXFileReference; lastKnownFileType = sourcecode.swift; path = BlockedCoordinator.swift; sourceTree = "<group>"; };
		005D3CBF2AC6D5F800E4CAB7 /* BlockedViewModel.swift */ = {isa = PBXFileReference; lastKnownFileType = sourcecode.swift; path = BlockedViewModel.swift; sourceTree = "<group>"; };
		005D3CC12AC6D60400E4CAB7 /* BlockedViewController.swift */ = {isa = PBXFileReference; lastKnownFileType = sourcecode.swift; path = BlockedViewController.swift; sourceTree = "<group>"; };
		005D3CC42AC7222F00E4CAB7 /* CallManager.swift */ = {isa = PBXFileReference; lastKnownFileType = sourcecode.swift; path = CallManager.swift; sourceTree = "<group>"; };
		327A216283A91B48A4AF6BD6 /* Pods-TeltechSpamKiller.release.xcconfig */ = {isa = PBXFileReference; includeInIndex = 1; lastKnownFileType = text.xcconfig; name = "Pods-TeltechSpamKiller.release.xcconfig"; path = "Target Support Files/Pods-TeltechSpamKiller/Pods-TeltechSpamKiller.release.xcconfig"; sourceTree = "<group>"; };
		346F8A115223E913EB99B552 /* Pods-TeltechSpamKiller.debug.xcconfig */ = {isa = PBXFileReference; includeInIndex = 1; lastKnownFileType = text.xcconfig; name = "Pods-TeltechSpamKiller.debug.xcconfig"; path = "Target Support Files/Pods-TeltechSpamKiller/Pods-TeltechSpamKiller.debug.xcconfig"; sourceTree = "<group>"; };
		4260C64524EB7AC927921B86 /* Pods-TeltechSpamKiller-TeltechSpamKillerUITests.debug.xcconfig */ = {isa = PBXFileReference; includeInIndex = 1; lastKnownFileType = text.xcconfig; name = "Pods-TeltechSpamKiller-TeltechSpamKillerUITests.debug.xcconfig"; path = "Target Support Files/Pods-TeltechSpamKiller-TeltechSpamKillerUITests/Pods-TeltechSpamKiller-TeltechSpamKillerUITests.debug.xcconfig"; sourceTree = "<group>"; };
		5442FA152247D88EB0480BDE /* Pods_TeltechSpamKiller_TeltechSpamKillerUITests.framework */ = {isa = PBXFileReference; explicitFileType = wrapper.framework; includeInIndex = 0; path = Pods_TeltechSpamKiller_TeltechSpamKillerUITests.framework; sourceTree = BUILT_PRODUCTS_DIR; };
		789C021CFF7609F67F1C150A /* Pods_TeltechSpamKillerTests.framework */ = {isa = PBXFileReference; explicitFileType = wrapper.framework; includeInIndex = 0; path = Pods_TeltechSpamKillerTests.framework; sourceTree = BUILT_PRODUCTS_DIR; };
		7F373992BFDD1AC9FA7DCC44 /* Pods-TeltechSpamKillerTests.release.xcconfig */ = {isa = PBXFileReference; includeInIndex = 1; lastKnownFileType = text.xcconfig; name = "Pods-TeltechSpamKillerTests.release.xcconfig"; path = "Target Support Files/Pods-TeltechSpamKillerTests/Pods-TeltechSpamKillerTests.release.xcconfig"; sourceTree = "<group>"; };
		BED6C3B306D1362543B4C28B /* Pods-TeltechSpamKiller-TeltechSpamKillerUITests.release.xcconfig */ = {isa = PBXFileReference; includeInIndex = 1; lastKnownFileType = text.xcconfig; name = "Pods-TeltechSpamKiller-TeltechSpamKillerUITests.release.xcconfig"; path = "Target Support Files/Pods-TeltechSpamKiller-TeltechSpamKillerUITests/Pods-TeltechSpamKiller-TeltechSpamKillerUITests.release.xcconfig"; sourceTree = "<group>"; };
		F34476A95CEC294E4BBA716A /* Pods-TeltechSpamKillerTests.debug.xcconfig */ = {isa = PBXFileReference; includeInIndex = 1; lastKnownFileType = text.xcconfig; name = "Pods-TeltechSpamKillerTests.debug.xcconfig"; path = "Target Support Files/Pods-TeltechSpamKillerTests/Pods-TeltechSpamKillerTests.debug.xcconfig"; sourceTree = "<group>"; };
		F39FC3CB6C43D19B605F63D2 /* Pods_TeltechSpamKiller.framework */ = {isa = PBXFileReference; explicitFileType = wrapper.framework; includeInIndex = 0; path = Pods_TeltechSpamKiller.framework; sourceTree = BUILT_PRODUCTS_DIR; };
/* End PBXFileReference section */

/* Begin PBXFrameworksBuildPhase section */
		005D3C5A2AC5EE8700E4CAB7 /* Frameworks */ = {
			isa = PBXFrameworksBuildPhase;
			buildActionMask = 2147483647;
			files = (
				67213C319CFF6C3D14563654 /* Pods_TeltechSpamKiller.framework in Frameworks */,
			);
			runOnlyForDeploymentPostprocessing = 0;
		};
		005D3C702AC5EE8800E4CAB7 /* Frameworks */ = {
			isa = PBXFrameworksBuildPhase;
			buildActionMask = 2147483647;
			files = (
				6FAA92CF8ED6C8377DEF4892 /* Pods_TeltechSpamKillerTests.framework in Frameworks */,
			);
			runOnlyForDeploymentPostprocessing = 0;
		};
		005D3C7A2AC5EE8800E4CAB7 /* Frameworks */ = {
			isa = PBXFrameworksBuildPhase;
			buildActionMask = 2147483647;
			files = (
				C75D83B03A562A1AF3036593 /* Pods_TeltechSpamKiller_TeltechSpamKillerUITests.framework in Frameworks */,
			);
			runOnlyForDeploymentPostprocessing = 0;
		};
/* End PBXFrameworksBuildPhase section */

/* Begin PBXGroup section */
		005D3C542AC5EE8700E4CAB7 = {
			isa = PBXGroup;
			children = (
				005D3C5F2AC5EE8700E4CAB7 /* TeltechSpamKiller */,
				005D3C762AC5EE8800E4CAB7 /* TeltechSpamKillerTests */,
				005D3C802AC5EE8800E4CAB7 /* TeltechSpamKillerUITests */,
				005D3C5E2AC5EE8700E4CAB7 /* Products */,
				8714C457CE3F6D8887763194 /* Pods */,
				927C64C27B0F8D5401B03443 /* Frameworks */,
			);
			sourceTree = "<group>";
		};
		005D3C5E2AC5EE8700E4CAB7 /* Products */ = {
			isa = PBXGroup;
			children = (
				005D3C5D2AC5EE8700E4CAB7 /* TeltechSpamKiller.app */,
				005D3C732AC5EE8800E4CAB7 /* TeltechSpamKillerTests.xctest */,
				005D3C7D2AC5EE8800E4CAB7 /* TeltechSpamKillerUITests.xctest */,
			);
			name = Products;
			sourceTree = "<group>";
		};
		005D3C5F2AC5EE8700E4CAB7 /* TeltechSpamKiller */ = {
			isa = PBXGroup;
			children = (
				005D3CAC2AC6AAEE00E4CAB7 /* Utils */,
				005D3C9B2AC69C2E00E4CAB7 /* Home */,
				005D3CAF2AC6B05200E4CAB7 /* Recents */,
				005D3CB92AC6D59500E4CAB7 /* Blocked */,
				005D3C602AC5EE8700E4CAB7 /* AppDelegate.swift */,
				005D3C622AC5EE8700E4CAB7 /* SceneDelegate.swift */,
				005D3CAD2AC6AB2800E4CAB7 /* AppCoordinator.swift */,
				005D3C992AC62E0700E4CAB7 /* R.generated.swift */,
				005D3C692AC5EE8800E4CAB7 /* Assets.xcassets */,
				005D3C6E2AC5EE8800E4CAB7 /* Info.plist */,
			);
			path = TeltechSpamKiller;
			sourceTree = "<group>";
		};
		005D3C762AC5EE8800E4CAB7 /* TeltechSpamKillerTests */ = {
			isa = PBXGroup;
			children = (
				005D3C772AC5EE8800E4CAB7 /* TeltechSpamKillerTests.swift */,
			);
			path = TeltechSpamKillerTests;
			sourceTree = "<group>";
		};
		005D3C802AC5EE8800E4CAB7 /* TeltechSpamKillerUITests */ = {
			isa = PBXGroup;
			children = (
				005D3C812AC5EE8800E4CAB7 /* TeltechSpamKillerUITests.swift */,
				005D3C832AC5EE8800E4CAB7 /* TeltechSpamKillerUITestsLaunchTests.swift */,
			);
			path = TeltechSpamKillerUITests;
			sourceTree = "<group>";
		};
		005D3C902AC6234D00E4CAB7 /* Coordinator */ = {
			isa = PBXGroup;
			children = (
				005D3C932AC623D100E4CAB7 /* Delegate */,
				005D3C912AC6236800E4CAB7 /* Coordinator.swift */,
			);
			path = Coordinator;
			sourceTree = "<group>";
		};
		005D3C932AC623D100E4CAB7 /* Delegate */ = {
			isa = PBXGroup;
			children = (
				005D3C942AC623E300E4CAB7 /* CoordinatorDelegate.swift */,
				005D3C962AC6241300E4CAB7 /* ParentCoordinatorDelegate.swift */,
			);
			path = Delegate;
			sourceTree = "<group>";
		};
		005D3C9B2AC69C2E00E4CAB7 /* Home */ = {
			isa = PBXGroup;
			children = (
				005D3C9C2AC69C5B00E4CAB7 /* Coordinator */,
				005D3C9D2AC69C6600E4CAB7 /* ViewModel */,
				005D3C9E2AC69C7500E4CAB7 /* UI */,
			);
			path = Home;
			sourceTree = "<group>";
		};
		005D3C9C2AC69C5B00E4CAB7 /* Coordinator */ = {
			isa = PBXGroup;
			children = (
				005D3CA72AC6A25600E4CAB7 /* HomeContainerCoordinator.swift */,
			);
			path = Coordinator;
			sourceTree = "<group>";
		};
		005D3C9D2AC69C6600E4CAB7 /* ViewModel */ = {
			isa = PBXGroup;
			children = (
				005D3CA42AC69E7700E4CAB7 /* HomeContainerViewModel.swift */,
			);
			path = ViewModel;
			sourceTree = "<group>";
		};
		005D3C9E2AC69C7500E4CAB7 /* UI */ = {
			isa = PBXGroup;
			children = (
				005D3C9F2AC69CB700E4CAB7 /* HomeContainerViewController.swift */,
			);
			path = UI;
			sourceTree = "<group>";
		};
		005D3CA12AC69E3400E4CAB7 /* ViewModel */ = {
			isa = PBXGroup;
			children = (
				005D3CA22AC69E4500E4CAB7 /* ViewModelType.swift */,
			);
			path = ViewModel;
			sourceTree = "<group>";
		};
		005D3CA92AC6A4AE00E4CAB7 /* Rx */ = {
			isa = PBXGroup;
			children = (
				005D3CAA2AC6A4BE00E4CAB7 /* RxSchedulers.swift */,
			);
			path = Rx;
			sourceTree = "<group>";
		};
		005D3CAC2AC6AAEE00E4CAB7 /* Utils */ = {
			isa = PBXGroup;
			children = (
				005D3CC32AC7221F00E4CAB7 /* CallManager */,
				005D3C902AC6234D00E4CAB7 /* Coordinator */,
				005D3CA12AC69E3400E4CAB7 /* ViewModel */,
				005D3CA92AC6A4AE00E4CAB7 /* Rx */,
			);
			path = Utils;
			sourceTree = "<group>";
		};
		005D3CAF2AC6B05200E4CAB7 /* Recents */ = {
			isa = PBXGroup;
			children = (
				005D3CB22AC6B07100E4CAB7 /* Coordinator */,
				005D3CB12AC6B06800E4CAB7 /* ViewModel */,
				005D3CB02AC6B06300E4CAB7 /* UI */,
			);
			path = Recents;
			sourceTree = "<group>";
		};
		005D3CB02AC6B06300E4CAB7 /* UI */ = {
			isa = PBXGroup;
			children = (
				005D3CB72AC6B13200E4CAB7 /* RecentsViewController.swift */,
			);
			path = UI;
			sourceTree = "<group>";
		};
		005D3CB12AC6B06800E4CAB7 /* ViewModel */ = {
			isa = PBXGroup;
			children = (
				005D3CB52AC6B10900E4CAB7 /* RecentsViewModel.swift */,
			);
			path = ViewModel;
			sourceTree = "<group>";
		};
		005D3CB22AC6B07100E4CAB7 /* Coordinator */ = {
			isa = PBXGroup;
			children = (
				005D3CB32AC6B0F700E4CAB7 /* RecentsCoordinator.swift */,
			);
			path = Coordinator;
			sourceTree = "<group>";
		};
		005D3CB92AC6D59500E4CAB7 /* Blocked */ = {
			isa = PBXGroup;
			children = (
				005D3CBC2AC6D5B400E4CAB7 /* Coordinator */,
				005D3CBB2AC6D5AB00E4CAB7 /* ViewModel */,
				005D3CBA2AC6D5A400E4CAB7 /* UI */,
			);
			path = Blocked;
			sourceTree = "<group>";
		};
		005D3CBA2AC6D5A400E4CAB7 /* UI */ = {
			isa = PBXGroup;
			children = (
				005D3CC12AC6D60400E4CAB7 /* BlockedViewController.swift */,
			);
			path = UI;
			sourceTree = "<group>";
		};
		005D3CBB2AC6D5AB00E4CAB7 /* ViewModel */ = {
			isa = PBXGroup;
			children = (
				005D3CBF2AC6D5F800E4CAB7 /* BlockedViewModel.swift */,
			);
			path = ViewModel;
			sourceTree = "<group>";
		};
		005D3CBC2AC6D5B400E4CAB7 /* Coordinator */ = {
			isa = PBXGroup;
			children = (
				005D3CBD2AC6D5EC00E4CAB7 /* BlockedCoordinator.swift */,
			);
			path = Coordinator;
			sourceTree = "<group>";
		};
		005D3CC32AC7221F00E4CAB7 /* CallManager */ = {
			isa = PBXGroup;
			children = (
				005D3CC42AC7222F00E4CAB7 /* CallManager.swift */,
			);
			path = CallManager;
			sourceTree = "<group>";
		};
		8714C457CE3F6D8887763194 /* Pods */ = {
			isa = PBXGroup;
			children = (
				346F8A115223E913EB99B552 /* Pods-TeltechSpamKiller.debug.xcconfig */,
				327A216283A91B48A4AF6BD6 /* Pods-TeltechSpamKiller.release.xcconfig */,
				4260C64524EB7AC927921B86 /* Pods-TeltechSpamKiller-TeltechSpamKillerUITests.debug.xcconfig */,
				BED6C3B306D1362543B4C28B /* Pods-TeltechSpamKiller-TeltechSpamKillerUITests.release.xcconfig */,
				F34476A95CEC294E4BBA716A /* Pods-TeltechSpamKillerTests.debug.xcconfig */,
				7F373992BFDD1AC9FA7DCC44 /* Pods-TeltechSpamKillerTests.release.xcconfig */,
			);
			path = Pods;
			sourceTree = "<group>";
		};
		927C64C27B0F8D5401B03443 /* Frameworks */ = {
			isa = PBXGroup;
			children = (
				F39FC3CB6C43D19B605F63D2 /* Pods_TeltechSpamKiller.framework */,
				5442FA152247D88EB0480BDE /* Pods_TeltechSpamKiller_TeltechSpamKillerUITests.framework */,
				789C021CFF7609F67F1C150A /* Pods_TeltechSpamKillerTests.framework */,
			);
			name = Frameworks;
			sourceTree = "<group>";
		};
/* End PBXGroup section */

/* Begin PBXNativeTarget section */
		005D3C5C2AC5EE8700E4CAB7 /* TeltechSpamKiller */ = {
			isa = PBXNativeTarget;
			buildConfigurationList = 005D3C872AC5EE8800E4CAB7 /* Build configuration list for PBXNativeTarget "TeltechSpamKiller" */;
			buildPhases = (
				76AFB0B0B959B9AAA430D080 /* [CP] Check Pods Manifest.lock */,
				005D3C982AC6274F00E4CAB7 /* R.swift Script */,
				005D3C592AC5EE8700E4CAB7 /* Sources */,
				005D3C5A2AC5EE8700E4CAB7 /* Frameworks */,
				005D3C5B2AC5EE8700E4CAB7 /* Resources */,
				D61A8A4AD359B808667E92B5 /* [CP] Embed Pods Frameworks */,
			);
			buildRules = (
			);
			dependencies = (
			);
			name = TeltechSpamKiller;
			productName = TeltechSpamKiller;
			productReference = 005D3C5D2AC5EE8700E4CAB7 /* TeltechSpamKiller.app */;
			productType = "com.apple.product-type.application";
		};
		005D3C722AC5EE8800E4CAB7 /* TeltechSpamKillerTests */ = {
			isa = PBXNativeTarget;
			buildConfigurationList = 005D3C8A2AC5EE8800E4CAB7 /* Build configuration list for PBXNativeTarget "TeltechSpamKillerTests" */;
			buildPhases = (
				9700200A0D6DBBFEBA160D41 /* [CP] Check Pods Manifest.lock */,
				005D3C6F2AC5EE8800E4CAB7 /* Sources */,
				005D3C702AC5EE8800E4CAB7 /* Frameworks */,
				005D3C712AC5EE8800E4CAB7 /* Resources */,
			);
			buildRules = (
			);
			dependencies = (
				005D3C752AC5EE8800E4CAB7 /* PBXTargetDependency */,
			);
			name = TeltechSpamKillerTests;
			productName = TeltechSpamKillerTests;
			productReference = 005D3C732AC5EE8800E4CAB7 /* TeltechSpamKillerTests.xctest */;
			productType = "com.apple.product-type.bundle.unit-test";
		};
		005D3C7C2AC5EE8800E4CAB7 /* TeltechSpamKillerUITests */ = {
			isa = PBXNativeTarget;
			buildConfigurationList = 005D3C8D2AC5EE8800E4CAB7 /* Build configuration list for PBXNativeTarget "TeltechSpamKillerUITests" */;
			buildPhases = (
				F6C922F77B0E4F62818526B1 /* [CP] Check Pods Manifest.lock */,
				005D3C792AC5EE8800E4CAB7 /* Sources */,
				005D3C7A2AC5EE8800E4CAB7 /* Frameworks */,
				005D3C7B2AC5EE8800E4CAB7 /* Resources */,
				240E24F9C207D55EAB0A43DC /* [CP] Embed Pods Frameworks */,
			);
			buildRules = (
			);
			dependencies = (
				005D3C7F2AC5EE8800E4CAB7 /* PBXTargetDependency */,
			);
			name = TeltechSpamKillerUITests;
			productName = TeltechSpamKillerUITests;
			productReference = 005D3C7D2AC5EE8800E4CAB7 /* TeltechSpamKillerUITests.xctest */;
			productType = "com.apple.product-type.bundle.ui-testing";
		};
/* End PBXNativeTarget section */

/* Begin PBXProject section */
		005D3C552AC5EE8700E4CAB7 /* Project object */ = {
			isa = PBXProject;
			attributes = {
				BuildIndependentTargetsInParallel = 1;
				LastSwiftUpdateCheck = 1500;
				LastUpgradeCheck = 1500;
				TargetAttributes = {
					005D3C5C2AC5EE8700E4CAB7 = {
						CreatedOnToolsVersion = 15.0;
					};
					005D3C722AC5EE8800E4CAB7 = {
						CreatedOnToolsVersion = 15.0;
						TestTargetID = 005D3C5C2AC5EE8700E4CAB7;
					};
					005D3C7C2AC5EE8800E4CAB7 = {
						CreatedOnToolsVersion = 15.0;
						TestTargetID = 005D3C5C2AC5EE8700E4CAB7;
					};
				};
			};
			buildConfigurationList = 005D3C582AC5EE8700E4CAB7 /* Build configuration list for PBXProject "TeltechSpamKiller" */;
			compatibilityVersion = "Xcode 14.0";
			developmentRegion = en;
			hasScannedForEncodings = 0;
			knownRegions = (
				en,
				Base,
			);
			mainGroup = 005D3C542AC5EE8700E4CAB7;
			productRefGroup = 005D3C5E2AC5EE8700E4CAB7 /* Products */;
			projectDirPath = "";
			projectRoot = "";
			targets = (
				005D3C5C2AC5EE8700E4CAB7 /* TeltechSpamKiller */,
				005D3C722AC5EE8800E4CAB7 /* TeltechSpamKillerTests */,
				005D3C7C2AC5EE8800E4CAB7 /* TeltechSpamKillerUITests */,
			);
		};
/* End PBXProject section */

/* Begin PBXResourcesBuildPhase section */
		005D3C5B2AC5EE8700E4CAB7 /* Resources */ = {
			isa = PBXResourcesBuildPhase;
			buildActionMask = 2147483647;
			files = (
				005D3C6A2AC5EE8800E4CAB7 /* Assets.xcassets in Resources */,
			);
			runOnlyForDeploymentPostprocessing = 0;
		};
		005D3C712AC5EE8800E4CAB7 /* Resources */ = {
			isa = PBXResourcesBuildPhase;
			buildActionMask = 2147483647;
			files = (
			);
			runOnlyForDeploymentPostprocessing = 0;
		};
		005D3C7B2AC5EE8800E4CAB7 /* Resources */ = {
			isa = PBXResourcesBuildPhase;
			buildActionMask = 2147483647;
			files = (
			);
			runOnlyForDeploymentPostprocessing = 0;
		};
/* End PBXResourcesBuildPhase section */

/* Begin PBXShellScriptBuildPhase section */
		005D3C982AC6274F00E4CAB7 /* R.swift Script */ = {
			isa = PBXShellScriptBuildPhase;
			alwaysOutOfDate = 1;
			buildActionMask = 2147483647;
			files = (
			);
			inputFileListPaths = (
			);
			inputPaths = (
			);
			name = "R.swift Script";
			outputFileListPaths = (
			);
			outputPaths = (
				$SRCROOT/R.generated.swift,
			);
			runOnlyForDeploymentPostprocessing = 0;
			shellPath = /bin/sh;
			shellScript = "\"$PODS_ROOT/R.swift/rswift\" generate \"$SRCROOT/R.generated.swift\"\n";
		};
		240E24F9C207D55EAB0A43DC /* [CP] Embed Pods Frameworks */ = {
			isa = PBXShellScriptBuildPhase;
			buildActionMask = 2147483647;
			files = (
			);
			inputFileListPaths = (
				"${PODS_ROOT}/Target Support Files/Pods-TeltechSpamKiller-TeltechSpamKillerUITests/Pods-TeltechSpamKiller-TeltechSpamKillerUITests-frameworks-${CONFIGURATION}-input-files.xcfilelist",
			);
			name = "[CP] Embed Pods Frameworks";
			outputFileListPaths = (
				"${PODS_ROOT}/Target Support Files/Pods-TeltechSpamKiller-TeltechSpamKillerUITests/Pods-TeltechSpamKiller-TeltechSpamKillerUITests-frameworks-${CONFIGURATION}-output-files.xcfilelist",
			);
			runOnlyForDeploymentPostprocessing = 0;
			shellPath = /bin/sh;
			shellScript = "\"${PODS_ROOT}/Target Support Files/Pods-TeltechSpamKiller-TeltechSpamKillerUITests/Pods-TeltechSpamKiller-TeltechSpamKillerUITests-frameworks.sh\"\n";
			showEnvVarsInLog = 0;
		};
		76AFB0B0B959B9AAA430D080 /* [CP] Check Pods Manifest.lock */ = {
			isa = PBXShellScriptBuildPhase;
			buildActionMask = 2147483647;
			files = (
			);
			inputFileListPaths = (
			);
			inputPaths = (
				"${PODS_PODFILE_DIR_PATH}/Podfile.lock",
				"${PODS_ROOT}/Manifest.lock",
			);
			name = "[CP] Check Pods Manifest.lock";
			outputFileListPaths = (
			);
			outputPaths = (
				"$(DERIVED_FILE_DIR)/Pods-TeltechSpamKiller-checkManifestLockResult.txt",
			);
			runOnlyForDeploymentPostprocessing = 0;
			shellPath = /bin/sh;
			shellScript = "diff \"${PODS_PODFILE_DIR_PATH}/Podfile.lock\" \"${PODS_ROOT}/Manifest.lock\" > /dev/null\nif [ $? != 0 ] ; then\n    # print error to STDERR\n    echo \"error: The sandbox is not in sync with the Podfile.lock. Run 'pod install' or update your CocoaPods installation.\" >&2\n    exit 1\nfi\n# This output is used by Xcode 'outputs' to avoid re-running this script phase.\necho \"SUCCESS\" > \"${SCRIPT_OUTPUT_FILE_0}\"\n";
			showEnvVarsInLog = 0;
		};
		9700200A0D6DBBFEBA160D41 /* [CP] Check Pods Manifest.lock */ = {
			isa = PBXShellScriptBuildPhase;
			buildActionMask = 2147483647;
			files = (
			);
			inputFileListPaths = (
			);
			inputPaths = (
				"${PODS_PODFILE_DIR_PATH}/Podfile.lock",
				"${PODS_ROOT}/Manifest.lock",
			);
			name = "[CP] Check Pods Manifest.lock";
			outputFileListPaths = (
			);
			outputPaths = (
				"$(DERIVED_FILE_DIR)/Pods-TeltechSpamKillerTests-checkManifestLockResult.txt",
			);
			runOnlyForDeploymentPostprocessing = 0;
			shellPath = /bin/sh;
			shellScript = "diff \"${PODS_PODFILE_DIR_PATH}/Podfile.lock\" \"${PODS_ROOT}/Manifest.lock\" > /dev/null\nif [ $? != 0 ] ; then\n    # print error to STDERR\n    echo \"error: The sandbox is not in sync with the Podfile.lock. Run 'pod install' or update your CocoaPods installation.\" >&2\n    exit 1\nfi\n# This output is used by Xcode 'outputs' to avoid re-running this script phase.\necho \"SUCCESS\" > \"${SCRIPT_OUTPUT_FILE_0}\"\n";
			showEnvVarsInLog = 0;
		};
		D61A8A4AD359B808667E92B5 /* [CP] Embed Pods Frameworks */ = {
			isa = PBXShellScriptBuildPhase;
			buildActionMask = 2147483647;
			files = (
			);
			inputFileListPaths = (
				"${PODS_ROOT}/Target Support Files/Pods-TeltechSpamKiller/Pods-TeltechSpamKiller-frameworks-${CONFIGURATION}-input-files.xcfilelist",
			);
			name = "[CP] Embed Pods Frameworks";
			outputFileListPaths = (
				"${PODS_ROOT}/Target Support Files/Pods-TeltechSpamKiller/Pods-TeltechSpamKiller-frameworks-${CONFIGURATION}-output-files.xcfilelist",
			);
			runOnlyForDeploymentPostprocessing = 0;
			shellPath = /bin/sh;
			shellScript = "\"${PODS_ROOT}/Target Support Files/Pods-TeltechSpamKiller/Pods-TeltechSpamKiller-frameworks.sh\"\n";
			showEnvVarsInLog = 0;
		};
		F6C922F77B0E4F62818526B1 /* [CP] Check Pods Manifest.lock */ = {
			isa = PBXShellScriptBuildPhase;
			buildActionMask = 2147483647;
			files = (
			);
			inputFileListPaths = (
			);
			inputPaths = (
				"${PODS_PODFILE_DIR_PATH}/Podfile.lock",
				"${PODS_ROOT}/Manifest.lock",
			);
			name = "[CP] Check Pods Manifest.lock";
			outputFileListPaths = (
			);
			outputPaths = (
				"$(DERIVED_FILE_DIR)/Pods-TeltechSpamKiller-TeltechSpamKillerUITests-checkManifestLockResult.txt",
			);
			runOnlyForDeploymentPostprocessing = 0;
			shellPath = /bin/sh;
			shellScript = "diff \"${PODS_PODFILE_DIR_PATH}/Podfile.lock\" \"${PODS_ROOT}/Manifest.lock\" > /dev/null\nif [ $? != 0 ] ; then\n    # print error to STDERR\n    echo \"error: The sandbox is not in sync with the Podfile.lock. Run 'pod install' or update your CocoaPods installation.\" >&2\n    exit 1\nfi\n# This output is used by Xcode 'outputs' to avoid re-running this script phase.\necho \"SUCCESS\" > \"${SCRIPT_OUTPUT_FILE_0}\"\n";
			showEnvVarsInLog = 0;
		};
/* End PBXShellScriptBuildPhase section */

/* Begin PBXSourcesBuildPhase section */
		005D3C592AC5EE8700E4CAB7 /* Sources */ = {
			isa = PBXSourcesBuildPhase;
			buildActionMask = 2147483647;
			files = (
				005D3CB82AC6B13200E4CAB7 /* RecentsViewController.swift in Sources */,
				005D3CB42AC6B0F700E4CAB7 /* RecentsCoordinator.swift in Sources */,
				005D3CAE2AC6AB2800E4CAB7 /* AppCoordinator.swift in Sources */,
				005D3CA52AC69E7700E4CAB7 /* HomeContainerViewModel.swift in Sources */,
				005D3CAB2AC6A4BE00E4CAB7 /* RxSchedulers.swift in Sources */,
				005D3CC02AC6D5F800E4CAB7 /* BlockedViewModel.swift in Sources */,
				005D3CC52AC7222F00E4CAB7 /* CallManager.swift in Sources */,
				005D3C922AC6236800E4CAB7 /* Coordinator.swift in Sources */,
				005D3C9A2AC62E0700E4CAB7 /* R.generated.swift in Sources */,
				005D3CA82AC6A25600E4CAB7 /* HomeContainerCoordinator.swift in Sources */,
				005D3CC22AC6D60400E4CAB7 /* BlockedViewController.swift in Sources */,
				005D3CA02AC69CB700E4CAB7 /* HomeContainerViewController.swift in Sources */,
				005D3C972AC6241300E4CAB7 /* ParentCoordinatorDelegate.swift in Sources */,
				005D3CB62AC6B10900E4CAB7 /* RecentsViewModel.swift in Sources */,
				005D3CBE2AC6D5EC00E4CAB7 /* BlockedCoordinator.swift in Sources */,
				005D3CA32AC69E4500E4CAB7 /* ViewModelType.swift in Sources */,
				005D3C612AC5EE8700E4CAB7 /* AppDelegate.swift in Sources */,
				005D3C952AC623E300E4CAB7 /* CoordinatorDelegate.swift in Sources */,
				005D3C632AC5EE8700E4CAB7 /* SceneDelegate.swift in Sources */,
			);
			runOnlyForDeploymentPostprocessing = 0;
		};
		005D3C6F2AC5EE8800E4CAB7 /* Sources */ = {
			isa = PBXSourcesBuildPhase;
			buildActionMask = 2147483647;
			files = (
				005D3C782AC5EE8800E4CAB7 /* TeltechSpamKillerTests.swift in Sources */,
			);
			runOnlyForDeploymentPostprocessing = 0;
		};
		005D3C792AC5EE8800E4CAB7 /* Sources */ = {
			isa = PBXSourcesBuildPhase;
			buildActionMask = 2147483647;
			files = (
				005D3C842AC5EE8800E4CAB7 /* TeltechSpamKillerUITestsLaunchTests.swift in Sources */,
				005D3C822AC5EE8800E4CAB7 /* TeltechSpamKillerUITests.swift in Sources */,
			);
			runOnlyForDeploymentPostprocessing = 0;
		};
/* End PBXSourcesBuildPhase section */

/* Begin PBXTargetDependency section */
		005D3C752AC5EE8800E4CAB7 /* PBXTargetDependency */ = {
			isa = PBXTargetDependency;
			target = 005D3C5C2AC5EE8700E4CAB7 /* TeltechSpamKiller */;
			targetProxy = 005D3C742AC5EE8800E4CAB7 /* PBXContainerItemProxy */;
		};
		005D3C7F2AC5EE8800E4CAB7 /* PBXTargetDependency */ = {
			isa = PBXTargetDependency;
			target = 005D3C5C2AC5EE8700E4CAB7 /* TeltechSpamKiller */;
			targetProxy = 005D3C7E2AC5EE8800E4CAB7 /* PBXContainerItemProxy */;
		};
/* End PBXTargetDependency section */

/* Begin XCBuildConfiguration section */
		005D3C852AC5EE8800E4CAB7 /* Debug */ = {
			isa = XCBuildConfiguration;
			buildSettings = {
				ALWAYS_SEARCH_USER_PATHS = NO;
				ASSETCATALOG_COMPILER_GENERATE_SWIFT_ASSET_SYMBOL_EXTENSIONS = YES;
				CLANG_ANALYZER_NONNULL = YES;
				CLANG_ANALYZER_NUMBER_OBJECT_CONVERSION = YES_AGGRESSIVE;
				CLANG_CXX_LANGUAGE_STANDARD = "gnu++20";
				CLANG_ENABLE_MODULES = YES;
				CLANG_ENABLE_OBJC_ARC = YES;
				CLANG_ENABLE_OBJC_WEAK = YES;
				CLANG_WARN_BLOCK_CAPTURE_AUTORELEASING = YES;
				CLANG_WARN_BOOL_CONVERSION = YES;
				CLANG_WARN_COMMA = YES;
				CLANG_WARN_CONSTANT_CONVERSION = YES;
				CLANG_WARN_DEPRECATED_OBJC_IMPLEMENTATIONS = YES;
				CLANG_WARN_DIRECT_OBJC_ISA_USAGE = YES_ERROR;
				CLANG_WARN_DOCUMENTATION_COMMENTS = YES;
				CLANG_WARN_EMPTY_BODY = YES;
				CLANG_WARN_ENUM_CONVERSION = YES;
				CLANG_WARN_INFINITE_RECURSION = YES;
				CLANG_WARN_INT_CONVERSION = YES;
				CLANG_WARN_NON_LITERAL_NULL_CONVERSION = YES;
				CLANG_WARN_OBJC_IMPLICIT_RETAIN_SELF = YES;
				CLANG_WARN_OBJC_LITERAL_CONVERSION = YES;
				CLANG_WARN_OBJC_ROOT_CLASS = YES_ERROR;
				CLANG_WARN_QUOTED_INCLUDE_IN_FRAMEWORK_HEADER = YES;
				CLANG_WARN_RANGE_LOOP_ANALYSIS = YES;
				CLANG_WARN_STRICT_PROTOTYPES = YES;
				CLANG_WARN_SUSPICIOUS_MOVE = YES;
				CLANG_WARN_UNGUARDED_AVAILABILITY = YES_AGGRESSIVE;
				CLANG_WARN_UNREACHABLE_CODE = YES;
				CLANG_WARN__DUPLICATE_METHOD_MATCH = YES;
				COPY_PHASE_STRIP = NO;
				DEBUG_INFORMATION_FORMAT = dwarf;
				ENABLE_STRICT_OBJC_MSGSEND = YES;
				ENABLE_TESTABILITY = YES;
				ENABLE_USER_SCRIPT_SANDBOXING = NO;
				GCC_C_LANGUAGE_STANDARD = gnu17;
				GCC_DYNAMIC_NO_PIC = NO;
				GCC_NO_COMMON_BLOCKS = YES;
				GCC_OPTIMIZATION_LEVEL = 0;
				GCC_PREPROCESSOR_DEFINITIONS = (
					"DEBUG=1",
					"$(inherited)",
				);
				GCC_WARN_64_TO_32_BIT_CONVERSION = YES;
				GCC_WARN_ABOUT_RETURN_TYPE = YES_ERROR;
				GCC_WARN_UNDECLARED_SELECTOR = YES;
				GCC_WARN_UNINITIALIZED_AUTOS = YES_AGGRESSIVE;
				GCC_WARN_UNUSED_FUNCTION = YES;
				GCC_WARN_UNUSED_VARIABLE = YES;
				IPHONEOS_DEPLOYMENT_TARGET = 13.0;
				LOCALIZATION_PREFERS_STRING_CATALOGS = YES;
				MTL_ENABLE_DEBUG_INFO = INCLUDE_SOURCE;
				MTL_FAST_MATH = YES;
				ONLY_ACTIVE_ARCH = YES;
				SDKROOT = iphoneos;
				SWIFT_ACTIVE_COMPILATION_CONDITIONS = "DEBUG $(inherited)";
				SWIFT_OPTIMIZATION_LEVEL = "-Onone";
			};
			name = Debug;
		};
		005D3C862AC5EE8800E4CAB7 /* Release */ = {
			isa = XCBuildConfiguration;
			buildSettings = {
				ALWAYS_SEARCH_USER_PATHS = NO;
				ASSETCATALOG_COMPILER_GENERATE_SWIFT_ASSET_SYMBOL_EXTENSIONS = YES;
				CLANG_ANALYZER_NONNULL = YES;
				CLANG_ANALYZER_NUMBER_OBJECT_CONVERSION = YES_AGGRESSIVE;
				CLANG_CXX_LANGUAGE_STANDARD = "gnu++20";
				CLANG_ENABLE_MODULES = YES;
				CLANG_ENABLE_OBJC_ARC = YES;
				CLANG_ENABLE_OBJC_WEAK = YES;
				CLANG_WARN_BLOCK_CAPTURE_AUTORELEASING = YES;
				CLANG_WARN_BOOL_CONVERSION = YES;
				CLANG_WARN_COMMA = YES;
				CLANG_WARN_CONSTANT_CONVERSION = YES;
				CLANG_WARN_DEPRECATED_OBJC_IMPLEMENTATIONS = YES;
				CLANG_WARN_DIRECT_OBJC_ISA_USAGE = YES_ERROR;
				CLANG_WARN_DOCUMENTATION_COMMENTS = YES;
				CLANG_WARN_EMPTY_BODY = YES;
				CLANG_WARN_ENUM_CONVERSION = YES;
				CLANG_WARN_INFINITE_RECURSION = YES;
				CLANG_WARN_INT_CONVERSION = YES;
				CLANG_WARN_NON_LITERAL_NULL_CONVERSION = YES;
				CLANG_WARN_OBJC_IMPLICIT_RETAIN_SELF = YES;
				CLANG_WARN_OBJC_LITERAL_CONVERSION = YES;
				CLANG_WARN_OBJC_ROOT_CLASS = YES_ERROR;
				CLANG_WARN_QUOTED_INCLUDE_IN_FRAMEWORK_HEADER = YES;
				CLANG_WARN_RANGE_LOOP_ANALYSIS = YES;
				CLANG_WARN_STRICT_PROTOTYPES = YES;
				CLANG_WARN_SUSPICIOUS_MOVE = YES;
				CLANG_WARN_UNGUARDED_AVAILABILITY = YES_AGGRESSIVE;
				CLANG_WARN_UNREACHABLE_CODE = YES;
				CLANG_WARN__DUPLICATE_METHOD_MATCH = YES;
				COPY_PHASE_STRIP = NO;
				DEBUG_INFORMATION_FORMAT = "dwarf-with-dsym";
				ENABLE_NS_ASSERTIONS = NO;
				ENABLE_STRICT_OBJC_MSGSEND = YES;
				ENABLE_USER_SCRIPT_SANDBOXING = NO;
				GCC_C_LANGUAGE_STANDARD = gnu17;
				GCC_NO_COMMON_BLOCKS = YES;
				GCC_WARN_64_TO_32_BIT_CONVERSION = YES;
				GCC_WARN_ABOUT_RETURN_TYPE = YES_ERROR;
				GCC_WARN_UNDECLARED_SELECTOR = YES;
				GCC_WARN_UNINITIALIZED_AUTOS = YES_AGGRESSIVE;
				GCC_WARN_UNUSED_FUNCTION = YES;
				GCC_WARN_UNUSED_VARIABLE = YES;
				IPHONEOS_DEPLOYMENT_TARGET = 13.0;
				LOCALIZATION_PREFERS_STRING_CATALOGS = YES;
				MTL_ENABLE_DEBUG_INFO = NO;
				MTL_FAST_MATH = YES;
				SDKROOT = iphoneos;
				SWIFT_COMPILATION_MODE = wholemodule;
				VALIDATE_PRODUCT = YES;
			};
			name = Release;
		};
		005D3C882AC5EE8800E4CAB7 /* Debug */ = {
			isa = XCBuildConfiguration;
			baseConfigurationReference = 346F8A115223E913EB99B552 /* Pods-TeltechSpamKiller.debug.xcconfig */;
			buildSettings = {
				ASSETCATALOG_COMPILER_APPICON_NAME = AppIcon;
				ASSETCATALOG_COMPILER_GLOBAL_ACCENT_COLOR_NAME = AccentColor;
				CODE_SIGN_STYLE = Automatic;
				CURRENT_PROJECT_VERSION = 1;
				DEVELOPMENT_TEAM = PU98ZL5A45;
				GENERATE_INFOPLIST_FILE = YES;
				INFOPLIST_FILE = TeltechSpamKiller/Info.plist;
				INFOPLIST_KEY_UIApplicationSupportsIndirectInputEvents = YES;
				INFOPLIST_KEY_UILaunchStoryboardName = LaunchScreen;
				INFOPLIST_KEY_UISupportedInterfaceOrientations = UIInterfaceOrientationPortrait;
				LD_RUNPATH_SEARCH_PATHS = (
					"$(inherited)",
					"@executable_path/Frameworks",
				);
				MARKETING_VERSION = 1.0;
				PRODUCT_BUNDLE_IDENTIFIER = com.trifunovicd.TeltechSpamKiller;
				PRODUCT_NAME = "$(TARGET_NAME)";
				SWIFT_EMIT_LOC_STRINGS = YES;
				SWIFT_VERSION = 5.0;
				TARGETED_DEVICE_FAMILY = "1,2";
			};
			name = Debug;
		};
		005D3C892AC5EE8800E4CAB7 /* Release */ = {
			isa = XCBuildConfiguration;
			baseConfigurationReference = 327A216283A91B48A4AF6BD6 /* Pods-TeltechSpamKiller.release.xcconfig */;
			buildSettings = {
				ASSETCATALOG_COMPILER_APPICON_NAME = AppIcon;
				ASSETCATALOG_COMPILER_GLOBAL_ACCENT_COLOR_NAME = AccentColor;
				CODE_SIGN_STYLE = Automatic;
				CURRENT_PROJECT_VERSION = 1;
				DEVELOPMENT_TEAM = PU98ZL5A45;
				GENERATE_INFOPLIST_FILE = YES;
				INFOPLIST_FILE = TeltechSpamKiller/Info.plist;
				INFOPLIST_KEY_UIApplicationSupportsIndirectInputEvents = YES;
				INFOPLIST_KEY_UILaunchStoryboardName = LaunchScreen;
				INFOPLIST_KEY_UISupportedInterfaceOrientations = UIInterfaceOrientationPortrait;
				LD_RUNPATH_SEARCH_PATHS = (
					"$(inherited)",
					"@executable_path/Frameworks",
				);
				MARKETING_VERSION = 1.0;
				PRODUCT_BUNDLE_IDENTIFIER = com.trifunovicd.TeltechSpamKiller;
				PRODUCT_NAME = "$(TARGET_NAME)";
				SWIFT_EMIT_LOC_STRINGS = YES;
				SWIFT_VERSION = 5.0;
				TARGETED_DEVICE_FAMILY = "1,2";
			};
			name = Release;
		};
		005D3C8B2AC5EE8800E4CAB7 /* Debug */ = {
			isa = XCBuildConfiguration;
			baseConfigurationReference = F34476A95CEC294E4BBA716A /* Pods-TeltechSpamKillerTests.debug.xcconfig */;
			buildSettings = {
				ALWAYS_EMBED_SWIFT_STANDARD_LIBRARIES = YES;
				BUNDLE_LOADER = "$(TEST_HOST)";
				CODE_SIGN_STYLE = Automatic;
				CURRENT_PROJECT_VERSION = 1;
				DEVELOPMENT_TEAM = PU98ZL5A45;
				GENERATE_INFOPLIST_FILE = YES;
				IPHONEOS_DEPLOYMENT_TARGET = 13.0;
				MARKETING_VERSION = 1.0;
				PRODUCT_BUNDLE_IDENTIFIER = com.trifunovicd.TeltechSpamKillerTests;
				PRODUCT_NAME = "$(TARGET_NAME)";
				SWIFT_EMIT_LOC_STRINGS = NO;
				SWIFT_VERSION = 5.0;
				TARGETED_DEVICE_FAMILY = "1,2";
				TEST_HOST = "$(BUILT_PRODUCTS_DIR)/TeltechSpamKiller.app/$(BUNDLE_EXECUTABLE_FOLDER_PATH)/TeltechSpamKiller";
			};
			name = Debug;
		};
		005D3C8C2AC5EE8800E4CAB7 /* Release */ = {
			isa = XCBuildConfiguration;
			baseConfigurationReference = 7F373992BFDD1AC9FA7DCC44 /* Pods-TeltechSpamKillerTests.release.xcconfig */;
			buildSettings = {
				ALWAYS_EMBED_SWIFT_STANDARD_LIBRARIES = YES;
				BUNDLE_LOADER = "$(TEST_HOST)";
				CODE_SIGN_STYLE = Automatic;
				CURRENT_PROJECT_VERSION = 1;
				DEVELOPMENT_TEAM = PU98ZL5A45;
				GENERATE_INFOPLIST_FILE = YES;
				IPHONEOS_DEPLOYMENT_TARGET = 13.0;
				MARKETING_VERSION = 1.0;
				PRODUCT_BUNDLE_IDENTIFIER = com.trifunovicd.TeltechSpamKillerTests;
				PRODUCT_NAME = "$(TARGET_NAME)";
				SWIFT_EMIT_LOC_STRINGS = NO;
				SWIFT_VERSION = 5.0;
				TARGETED_DEVICE_FAMILY = "1,2";
				TEST_HOST = "$(BUILT_PRODUCTS_DIR)/TeltechSpamKiller.app/$(BUNDLE_EXECUTABLE_FOLDER_PATH)/TeltechSpamKiller";
			};
			name = Release;
		};
		005D3C8E2AC5EE8800E4CAB7 /* Debug */ = {
			isa = XCBuildConfiguration;
			baseConfigurationReference = 4260C64524EB7AC927921B86 /* Pods-TeltechSpamKiller-TeltechSpamKillerUITests.debug.xcconfig */;
			buildSettings = {
				CODE_SIGN_STYLE = Automatic;
				CURRENT_PROJECT_VERSION = 1;
				DEVELOPMENT_TEAM = PU98ZL5A45;
				GENERATE_INFOPLIST_FILE = YES;
				MARKETING_VERSION = 1.0;
				PRODUCT_BUNDLE_IDENTIFIER = com.trifunovicd.TeltechSpamKillerUITests;
				PRODUCT_NAME = "$(TARGET_NAME)";
				SWIFT_EMIT_LOC_STRINGS = NO;
				SWIFT_VERSION = 5.0;
				TARGETED_DEVICE_FAMILY = "1,2";
				TEST_TARGET_NAME = TeltechSpamKiller;
			};
			name = Debug;
		};
		005D3C8F2AC5EE8800E4CAB7 /* Release */ = {
			isa = XCBuildConfiguration;
			baseConfigurationReference = BED6C3B306D1362543B4C28B /* Pods-TeltechSpamKiller-TeltechSpamKillerUITests.release.xcconfig */;
			buildSettings = {
				CODE_SIGN_STYLE = Automatic;
				CURRENT_PROJECT_VERSION = 1;
				DEVELOPMENT_TEAM = PU98ZL5A45;
				GENERATE_INFOPLIST_FILE = YES;
				MARKETING_VERSION = 1.0;
				PRODUCT_BUNDLE_IDENTIFIER = com.trifunovicd.TeltechSpamKillerUITests;
				PRODUCT_NAME = "$(TARGET_NAME)";
				SWIFT_EMIT_LOC_STRINGS = NO;
				SWIFT_VERSION = 5.0;
				TARGETED_DEVICE_FAMILY = "1,2";
				TEST_TARGET_NAME = TeltechSpamKiller;
			};
			name = Release;
		};
/* End XCBuildConfiguration section */

/* Begin XCConfigurationList section */
		005D3C582AC5EE8700E4CAB7 /* Build configuration list for PBXProject "TeltechSpamKiller" */ = {
			isa = XCConfigurationList;
			buildConfigurations = (
				005D3C852AC5EE8800E4CAB7 /* Debug */,
				005D3C862AC5EE8800E4CAB7 /* Release */,
			);
			defaultConfigurationIsVisible = 0;
			defaultConfigurationName = Release;
		};
		005D3C872AC5EE8800E4CAB7 /* Build configuration list for PBXNativeTarget "TeltechSpamKiller" */ = {
			isa = XCConfigurationList;
			buildConfigurations = (
				005D3C882AC5EE8800E4CAB7 /* Debug */,
				005D3C892AC5EE8800E4CAB7 /* Release */,
			);
			defaultConfigurationIsVisible = 0;
			defaultConfigurationName = Release;
		};
		005D3C8A2AC5EE8800E4CAB7 /* Build configuration list for PBXNativeTarget "TeltechSpamKillerTests" */ = {
			isa = XCConfigurationList;
			buildConfigurations = (
				005D3C8B2AC5EE8800E4CAB7 /* Debug */,
				005D3C8C2AC5EE8800E4CAB7 /* Release */,
			);
			defaultConfigurationIsVisible = 0;
			defaultConfigurationName = Release;
		};
		005D3C8D2AC5EE8800E4CAB7 /* Build configuration list for PBXNativeTarget "TeltechSpamKillerUITests" */ = {
			isa = XCConfigurationList;
			buildConfigurations = (
				005D3C8E2AC5EE8800E4CAB7 /* Debug */,
				005D3C8F2AC5EE8800E4CAB7 /* Release */,
			);
			defaultConfigurationIsVisible = 0;
			defaultConfigurationName = Release;
		};
/* End XCConfigurationList section */
	};
	rootObject = 005D3C552AC5EE8700E4CAB7 /* Project object */;
}
