PODS:
  - Differentiator (5.0.0)
  - PhoneNumberKit (3.7.3):
    - PhoneNumberKit/PhoneNumberKitCore (= 3.7.3)
    - PhoneNumberKit/UIKit (= 3.7.3)
  - PhoneNumberKit/PhoneNumberKitCore (3.7.3)
  - PhoneNumberKit/UIKit (3.7.3):
    - PhoneNumberKit/PhoneNumberKitCore
  - R.swift (7.3.2)
  - RxCocoa (6.5.0):
    - RxRelay (= 6.5.0)
    - RxSwift (= 6.5.0)
  - RxDataSources (5.0.0):
    - Differentiator (~> 5.0)
    - RxCocoa (~> 6.0)
    - RxSwift (~> 6.0)
  - RxRelay (6.5.0):
    - RxSwift (= 6.5.0)
  - RxSwift (6.5.0)
  - SnapKit (5.6.0)

DEPENDENCIES:
  - PhoneNumberKit
  - R.swift
  - RxCocoa
  - RxDataSources
  - RxSwift
  - SnapKit

SPEC REPOS:
  trunk:
    - Differentiator
    - PhoneNumberKit
    - R.swift
    - RxCocoa
    - RxDataSources
    - RxRelay
    - RxSwift
    - SnapKit

SPEC CHECKSUMS:
  Differentiator: e8497ceab83c1b10ca233716d547b9af21b9344d
  PhoneNumberKit: 3684748d15a7a3e140f717c72844fb0bfe1a9714
  R.swift: 0af0d882f49f03711415cb4e5215daa977d8a480
  RxCocoa: 94f817b71c07517321eb4f9ad299112ca8af743b
  RxDataSources: aa47cc1ed6c500fa0dfecac5c979b723542d79cf
  RxRelay: 1de1523e604c72b6c68feadedd1af3b1b4d0ecbd
  RxSwift: 5710a9e6b17f3c3d6e40d6e559b9fa1e813b2ef8
  SnapKit: e01d52ebb8ddbc333eefe2132acf85c8227d9c25

PODFILE CHECKSUM: 1da9ab9c0d9abbb94fcd6b34a506e2c239bed5b3

COCOAPODS: 1.13.0
